
Microsoft Visual Studio Solution File, Format Version 12.00
# Visual Studio Version 17
VisualStudioVersion = 17.8.34322.80
MinimumVisualStudioVersion = 10.0.40219.1
Project("{2150E333-8FDC-42A3-9474-1A3956D46DE8}") = "c-git", "c-git", "{05F90D7F-2A56-45CB-BB73-B3636AF17A2B}"
EndProject
Project("{2150E333-8FDC-42A3-9474-1A3956D46DE8}") = "ztec", "ztec", "{CA2EFFB4-EF7B-446F-B44C-D142E91451EF}"
EndProject
Project("{2150E333-8FDC-42A3-9474-1A3956D46DE8}") = "ztec-cycler", "ztec-cycler", "{A849492C-7740-4491-B0B0-A5E48E0FD706}"
EndProject
Project("{2150E333-8FDC-42A3-9474-1A3956D46DE8}") = "usr", "usr", "{27D4C138-E417-41EF-8C16-79028800F87E}"
EndProject
Project("{8BC9CEB8-8B4A-11D0-8D11-00A0C91BC942}") = "lSim", "..\..\c-git\usr\lSim\lSim.vcxproj", "{6984A620-B57A-4217-B50C-7EFD2A3BBAF9}"
EndProject
Project("{2150E333-8FDC-42A3-9474-1A3956D46DE8}") = "god", "god", "{8D8061D7-6A4A-45DE-891D-274CFA3F68F4}"
EndProject
Project("{9A19103F-16F7-4668-BE54-9A1E7A4F7556}") = "lite.io.cs", "..\..\c-git\usr\god\lite.io.cs\lite.io.cs.csproj", "{EB42FAE1-E74F-4E66-B010-1123CBA76847}"
EndProject
Project("{2150E333-8FDC-42A3-9474-1A3956D46DE8}") = "v1.0", "v1.0", "{1E4AA178-6743-47E6-BEF4-74724611A82B}"
EndProject
Project("{2150E333-8FDC-42A3-9474-1A3956D46DE8}") = "v2.0", "v2.0", "{7608108B-B93B-4C7F-BFA7-370CC4269716}"
EndProject
Project("{FAE04EC0-301F-11D3-BF4B-00C04F79EFBC}") = "Monitor", "..\..\ztec-cycler\v1.0\Monitor\Monitor.csproj", "{D63C0540-31BC-4F7B-AF09-890D4EADA9C2}"
EndProject
Project("{FAE04EC0-301F-11D3-BF4B-00C04F79EFBC}") = "ScheduleEditor", "..\..\ztec-cycler\v1.0\ScheduleEditor_Ver2.1\ScheduleEditor\ScheduleEditor.csproj", "{FF338482-3784-4BF2-827F-C0478AECF504}"
EndProject
Project("{FAE04EC0-301F-11D3-BF4B-00C04F79EFBC}") = "liteSim", "..\..\ztec-cycler\v2.0\liteSim\liteSim.csproj", "{6131E863-25E3-4538-91C4-D69F1345335A}"
EndProject
Project("{FAE04EC0-301F-11D3-BF4B-00C04F79EFBC}") = "slite.io", "..\..\c-git\usr\god\slite.io\slite.io.csproj", "{C6A25092-D2DD-4CC0-9D20-E56E2B0142A9}"
EndProject
Global
	GlobalSection(SolutionConfigurationPlatforms) = preSolution
		Debug|Any CPU = Debug|Any CPU
		Debug|x64 = Debug|x64
		Debug|x86 = Debug|x86
		Release|Any CPU = Release|Any CPU
		Release|x64 = Release|x64
		Release|x86 = Release|x86
	EndGlobalSection
	GlobalSection(ProjectConfigurationPlatforms) = postSolution
		{6984A620-B57A-4217-B50C-7EFD2A3BBAF9}.Debug|Any CPU.ActiveCfg = Debug|x64
		{6984A620-B57A-4217-B50C-7EFD2A3BBAF9}.Debug|Any CPU.Build.0 = Debug|x64
		{6984A620-B57A-4217-B50C-7EFD2A3BBAF9}.Debug|x64.ActiveCfg = Debug|x64
		{6984A620-B57A-4217-B50C-7EFD2A3BBAF9}.Debug|x64.Build.0 = Debug|x64
		{6984A620-B57A-4217-B50C-7EFD2A3BBAF9}.Debug|x86.ActiveCfg = Debug|Win32
		{6984A620-B57A-4217-B50C-7EFD2A3BBAF9}.Debug|x86.Build.0 = Debug|Win32
		{6984A620-B57A-4217-B50C-7EFD2A3BBAF9}.Release|Any CPU.ActiveCfg = Release|x64
		{6984A620-B57A-4217-B50C-7EFD2A3BBAF9}.Release|Any CPU.Build.0 = Release|x64
		{6984A620-B57A-4217-B50C-7EFD2A3BBAF9}.Release|x64.ActiveCfg = Release|x64
		{6984A620-B57A-4217-B50C-7EFD2A3BBAF9}.Release|x64.Build.0 = Release|x64
		{6984A620-B57A-4217-B50C-7EFD2A3BBAF9}.Release|x86.ActiveCfg = Release|Win32
		{6984A620-B57A-4217-B50C-7EFD2A3BBAF9}.Release|x86.Build.0 = Release|Win32
		{EB42FAE1-E74F-4E66-B010-1123CBA76847}.Debug|Any CPU.ActiveCfg = Debug|Any CPU
		{EB42FAE1-E74F-4E66-B010-1123CBA76847}.Debug|Any CPU.Build.0 = Debug|Any CPU
		{EB42FAE1-E74F-4E66-B010-1123CBA76847}.Debug|x64.ActiveCfg = Debug|Any CPU
		{EB42FAE1-E74F-4E66-B010-1123CBA76847}.Debug|x64.Build.0 = Debug|Any CPU
		{EB42FAE1-E74F-4E66-B010-1123CBA76847}.Debug|x86.ActiveCfg = Debug|Any CPU
		{EB42FAE1-E74F-4E66-B010-1123CBA76847}.Debug|x86.Build.0 = Debug|Any CPU
		{EB42FAE1-E74F-4E66-B010-1123CBA76847}.Release|Any CPU.ActiveCfg = Release|Any CPU
		{EB42FAE1-E74F-4E66-B010-1123CBA76847}.Release|Any CPU.Build.0 = Release|Any CPU
		{EB42FAE1-E74F-4E66-B010-1123CBA76847}.Release|x64.ActiveCfg = Release|Any CPU
		{EB42FAE1-E74F-4E66-B010-1123CBA76847}.Release|x64.Build.0 = Release|Any CPU
		{EB42FAE1-E74F-4E66-B010-1123CBA76847}.Release|x86.ActiveCfg = Release|Any CPU
		{EB42FAE1-E74F-4E66-B010-1123CBA76847}.Release|x86.Build.0 = Release|Any CPU
		{D63C0540-31BC-4F7B-AF09-890D4EADA9C2}.Debug|Any CPU.ActiveCfg = Debug|Any CPU
		{D63C0540-31BC-4F7B-AF09-890D4EADA9C2}.Debug|Any CPU.Build.0 = Debug|Any CPU
		{D63C0540-31BC-4F7B-AF09-890D4EADA9C2}.Debug|x64.ActiveCfg = Debug|x64
		{D63C0540-31BC-4F7B-AF09-890D4EADA9C2}.Debug|x64.Build.0 = Debug|x64
		{D63C0540-31BC-4F7B-AF09-890D4EADA9C2}.Debug|x86.ActiveCfg = Debug|Any CPU
		{D63C0540-31BC-4F7B-AF09-890D4EADA9C2}.Debug|x86.Build.0 = Debug|Any CPU
		{D63C0540-31BC-4F7B-AF09-890D4EADA9C2}.Release|Any CPU.ActiveCfg = Release|Any CPU
		{D63C0540-31BC-4F7B-AF09-890D4EADA9C2}.Release|Any CPU.Build.0 = Release|Any CPU
		{D63C0540-31BC-4F7B-AF09-890D4EADA9C2}.Release|x64.ActiveCfg = Release|x64
		{D63C0540-31BC-4F7B-AF09-890D4EADA9C2}.Release|x64.Build.0 = Release|x64
		{D63C0540-31BC-4F7B-AF09-890D4EADA9C2}.Release|x86.ActiveCfg = Release|Any CPU
		{D63C0540-31BC-4F7B-AF09-890D4EADA9C2}.Release|x86.Build.0 = Release|Any CPU
		{FF338482-3784-4BF2-827F-C0478AECF504}.Debug|Any CPU.ActiveCfg = Debug|Any CPU
		{FF338482-3784-4BF2-827F-C0478AECF504}.Debug|Any CPU.Build.0 = Debug|Any CPU
		{FF338482-3784-4BF2-827F-C0478AECF504}.Debug|x64.ActiveCfg = Debug|x64
		{FF338482-3784-4BF2-827F-C0478AECF504}.Debug|x64.Build.0 = Debug|x64
		{FF338482-3784-4BF2-827F-C0478AECF504}.Debug|x86.ActiveCfg = Debug|Any CPU
		{FF338482-3784-4BF2-827F-C0478AECF504}.Debug|x86.Build.0 = Debug|Any CPU
		{FF338482-3784-4BF2-827F-C0478AECF504}.Release|Any CPU.ActiveCfg = Release|Any CPU
		{FF338482-3784-4BF2-827F-C0478AECF504}.Release|Any CPU.Build.0 = Release|Any CPU
		{FF338482-3784-4BF2-827F-C0478AECF504}.Release|x64.ActiveCfg = Release|x64
		{FF338482-3784-4BF2-827F-C0478AECF504}.Release|x64.Build.0 = Release|x64
		{FF338482-3784-4BF2-827F-C0478AECF504}.Release|x86.ActiveCfg = Release|Any CPU
		{FF338482-3784-4BF2-827F-C0478AECF504}.Release|x86.Build.0 = Release|Any CPU
		{6131E863-25E3-4538-91C4-D69F1345335A}.Debug|Any CPU.ActiveCfg = Debug|Any CPU
		{6131E863-25E3-4538-91C4-D69F1345335A}.Debug|Any CPU.Build.0 = Debug|Any CPU
		{6131E863-25E3-4538-91C4-D69F1345335A}.Debug|x64.ActiveCfg = Debug|Any CPU
		{6131E863-25E3-4538-91C4-D69F1345335A}.Debug|x64.Build.0 = Debug|Any CPU
		{6131E863-25E3-4538-91C4-D69F1345335A}.Debug|x86.ActiveCfg = Debug|Any CPU
		{6131E863-25E3-4538-91C4-D69F1345335A}.Debug|x86.Build.0 = Debug|Any CPU
		{6131E863-25E3-4538-91C4-D69F1345335A}.Release|Any CPU.ActiveCfg = Release|Any CPU
		{6131E863-25E3-4538-91C4-D69F1345335A}.Release|Any CPU.Build.0 = Release|Any CPU
		{6131E863-25E3-4538-91C4-D69F1345335A}.Release|x64.ActiveCfg = Release|Any CPU
		{6131E863-25E3-4538-91C4-D69F1345335A}.Release|x64.Build.0 = Release|Any CPU
		{6131E863-25E3-4538-91C4-D69F1345335A}.Release|x86.ActiveCfg = Release|Any CPU
		{6131E863-25E3-4538-91C4-D69F1345335A}.Release|x86.Build.0 = Release|Any CPU
		{C6A25092-D2DD-4CC0-9D20-E56E2B0142A9}.Debug|Any CPU.ActiveCfg = Debug|Any CPU
		{C6A25092-D2DD-4CC0-9D20-E56E2B0142A9}.Debug|Any CPU.Build.0 = Debug|Any CPU
		{C6A25092-D2DD-4CC0-9D20-E56E2B0142A9}.Debug|x64.ActiveCfg = Debug|Any CPU
		{C6A25092-D2DD-4CC0-9D20-E56E2B0142A9}.Debug|x64.Build.0 = Debug|Any CPU
		{C6A25092-D2DD-4CC0-9D20-E56E2B0142A9}.Debug|x86.ActiveCfg = Debug|Any CPU
		{C6A25092-D2DD-4CC0-9D20-E56E2B0142A9}.Debug|x86.Build.0 = Debug|Any CPU
		{C6A25092-D2DD-4CC0-9D20-E56E2B0142A9}.Release|Any CPU.ActiveCfg = Release|Any CPU
		{C6A25092-D2DD-4CC0-9D20-E56E2B0142A9}.Release|Any CPU.Build.0 = Release|Any CPU
		{C6A25092-D2DD-4CC0-9D20-E56E2B0142A9}.Release|x64.ActiveCfg = Release|Any CPU
		{C6A25092-D2DD-4CC0-9D20-E56E2B0142A9}.Release|x64.Build.0 = Release|Any CPU
		{C6A25092-D2DD-4CC0-9D20-E56E2B0142A9}.Release|x86.ActiveCfg = Release|Any CPU
		{C6A25092-D2DD-4CC0-9D20-E56E2B0142A9}.Release|x86.Build.0 = Release|Any CPU
	EndGlobalSection
	GlobalSection(SolutionProperties) = preSolution
		HideSolutionNode = FALSE
	EndGlobalSection
	GlobalSection(NestedProjects) = preSolution
		{27D4C138-E417-41EF-8C16-79028800F87E} = {05F90D7F-2A56-45CB-BB73-B3636AF17A2B}
		{6984A620-B57A-4217-B50C-7EFD2A3BBAF9} = {27D4C138-E417-41EF-8C16-79028800F87E}
		{8D8061D7-6A4A-45DE-891D-274CFA3F68F4} = {27D4C138-E417-41EF-8C16-79028800F87E}
		{EB42FAE1-E74F-4E66-B010-1123CBA76847} = {8D8061D7-6A4A-45DE-891D-274CFA3F68F4}
		{1E4AA178-6743-47E6-BEF4-74724611A82B} = {A849492C-7740-4491-B0B0-A5E48E0FD706}
		{7608108B-B93B-4C7F-BFA7-370CC4269716} = {A849492C-7740-4491-B0B0-A5E48E0FD706}
		{D63C0540-31BC-4F7B-AF09-890D4EADA9C2} = {1E4AA178-6743-47E6-BEF4-74724611A82B}
		{FF338482-3784-4BF2-827F-C0478AECF504} = {1E4AA178-6743-47E6-BEF4-74724611A82B}
		{6131E863-25E3-4538-91C4-D69F1345335A} = {7608108B-B93B-4C7F-BFA7-370CC4269716}
		{C6A25092-D2DD-4CC0-9D20-E56E2B0142A9} = {8D8061D7-6A4A-45DE-891D-274CFA3F68F4}
	EndGlobalSection
	GlobalSection(ExtensibilityGlobals) = postSolution
		SolutionGuid = {93A5AFE5-4784-43F9-B731-560FC4464352}
	EndGlobalSection
EndGlobal
